
Microsoft Visual Studio Solution File, Format Version 12.00
# Visual Studio 14
VisualStudioVersion = 14.0.25420.1
MinimumVisualStudioVersion = 10.0.40219.1
Project("{2150E333-8FDC-42A3-9474-1A3956D46DE8}") = "src", "src", "{70D38206-B33F-499A-AC16-EF17BA31B5A6}"
EndProject
Project("{2150E333-8FDC-42A3-9474-1A3956D46DE8}") = "Solution Items", "Solution Items", "{48BB1F7C-8EB7-41E8-BB8E-A6FE49461B77}"
	ProjectSection(SolutionItems) = preProject
		global.json = global.json
	EndProjectSection
EndProject
Project("{8BB2217D-0F2D-49D1-97BC-3654ED321F3B}") = "OrderingApplication", "src\OrderingApplication\OrderingApplication.xproj", "{5C181B35-CD3D-430A-948A-79D9E67AD416}"
EndProject
Global
	GlobalSection(SolutionConfigurationPlatforms) = preSolution
		Debug|Any CPU = Debug|Any CPU
		Release|Any CPU = Release|Any CPU
	EndGlobalSection
	GlobalSection(ProjectConfigurationPlatforms) = postSolution
		{5C181B35-CD3D-430A-948A-79D9E67AD416}.Debug|Any CPU.ActiveCfg = Debug|Any CPU
		{5C181B35-CD3D-430A-948A-79D9E67AD416}.Debug|Any CPU.Build.0 = Debug|Any CPU
		{5C181B35-CD3D-430A-948A-79D9E67AD416}.Release|Any CPU.ActiveCfg = Release|Any CPU
		{5C181B35-CD3D-430A-948A-79D9E67AD416}.Release|Any CPU.Build.0 = Release|Any CPU
	EndGlobalSection
	GlobalSection(SolutionProperties) = preSolution
		HideSolutionNode = FALSE
	EndGlobalSection
	GlobalSection(NestedProjects) = preSolution
		{5C181B35-CD3D-430A-948A-79D9E67AD416} = {70D38206-B33F-499A-AC16-EF17BA31B5A6}
	EndGlobalSection
EndGlobal
